
Microsoft Visual Studio Solution File, Format Version 12.00
# Visual Studio 15
VisualStudioVersion = 15.0.28010.2016
MinimumVisualStudioVersion = 10.0.40219.1
Project("{FAE04EC0-301F-11D3-BF4B-00C04F79EFBC}") = "Sales.Android", "Sales\Sales.Android\Sales.Android.csproj", "{7B5B6D37-F49B-4AE4-ABBD-CF095B30BC07}"
EndProject
Project("{FAE04EC0-301F-11D3-BF4B-00C04F79EFBC}") = "Sales.iOS", "Sales\Sales.iOS\Sales.iOS.csproj", "{652266B5-445E-4404-AA42-89807BE4546A}"
EndProject
Project("{9A19103F-16F7-4668-BE54-9A1E7A4F7556}") = "Sales", "Sales\Sales\Sales.csproj", "{88FEEFF3-C1CF-432C-BD1A-B3939C31A085}"
EndProject
Project("{FAE04EC0-301F-11D3-BF4B-00C04F79EFBC}") = "Sales.Backend", "Sales.Backend\Sales.Backend.csproj", "{8306EAB3-D2D7-49A8-BCE2-E1B75F107FCB}"
EndProject
Project("{FAE04EC0-301F-11D3-BF4B-00C04F79EFBC}") = "Sales.API", "Sales.API\Sales.API.csproj", "{A352E2CA-CDD5-4937-845B-464227422768}"
EndProject
Project("{FAE04EC0-301F-11D3-BF4B-00C04F79EFBC}") = "Sales.Domain", "Sales.Domain\Sales.Domain.csproj", "{1D8E0079-1E42-4F8F-8549-36675C499DF9}"
EndProject
Project("{FAE04EC0-301F-11D3-BF4B-00C04F79EFBC}") = "Sales.Common", "Sales.Common\Sales.Common.csproj", "{D73B08FE-C209-4754-A871-9842637495EB}"
EndProject
Global
	GlobalSection(SolutionConfigurationPlatforms) = preSolution
		Ad-Hoc|Any CPU = Ad-Hoc|Any CPU
		Ad-Hoc|ARM = Ad-Hoc|ARM
		Ad-Hoc|iPhone = Ad-Hoc|iPhone
		Ad-Hoc|iPhoneSimulator = Ad-Hoc|iPhoneSimulator
		Ad-Hoc|x64 = Ad-Hoc|x64
		Ad-Hoc|x86 = Ad-Hoc|x86
		AppStore|Any CPU = AppStore|Any CPU
		AppStore|ARM = AppStore|ARM
		AppStore|iPhone = AppStore|iPhone
		AppStore|iPhoneSimulator = AppStore|iPhoneSimulator
		AppStore|x64 = AppStore|x64
		AppStore|x86 = AppStore|x86
		Debug|Any CPU = Debug|Any CPU
		Debug|ARM = Debug|ARM
		Debug|iPhone = Debug|iPhone
		Debug|iPhoneSimulator = Debug|iPhoneSimulator
		Debug|x64 = Debug|x64
		Debug|x86 = Debug|x86
		Release|Any CPU = Release|Any CPU
		Release|ARM = Release|ARM
		Release|iPhone = Release|iPhone
		Release|iPhoneSimulator = Release|iPhoneSimulator
		Release|x64 = Release|x64
		Release|x86 = Release|x86
	EndGlobalSection
	GlobalSection(ProjectConfigurationPlatforms) = postSolution
		{7B5B6D37-F49B-4AE4-ABBD-CF095B30BC07}.Ad-Hoc|Any CPU.ActiveCfg = Release|Any CPU
		{7B5B6D37-F49B-4AE4-ABBD-CF095B30BC07}.Ad-Hoc|Any CPU.Build.0 = Release|Any CPU
		{7B5B6D37-F49B-4AE4-ABBD-CF095B30BC07}.Ad-Hoc|Any CPU.Deploy.0 = Release|Any CPU
		{7B5B6D37-F49B-4AE4-ABBD-CF095B30BC07}.Ad-Hoc|ARM.ActiveCfg = Release|Any CPU
		{7B5B6D37-F49B-4AE4-ABBD-CF095B30BC07}.Ad-Hoc|ARM.Build.0 = Release|Any CPU
		{7B5B6D37-F49B-4AE4-ABBD-CF095B30BC07}.Ad-Hoc|ARM.Deploy.0 = Release|Any CPU
		{7B5B6D37-F49B-4AE4-ABBD-CF095B30BC07}.Ad-Hoc|iPhone.ActiveCfg = Release|Any CPU
		{7B5B6D37-F49B-4AE4-ABBD-CF095B30BC07}.Ad-Hoc|iPhone.Build.0 = Release|Any CPU
		{7B5B6D37-F49B-4AE4-ABBD-CF095B30BC07}.Ad-Hoc|iPhone.Deploy.0 = Release|Any CPU
		{7B5B6D37-F49B-4AE4-ABBD-CF095B30BC07}.Ad-Hoc|iPhoneSimulator.ActiveCfg = Release|Any CPU
		{7B5B6D37-F49B-4AE4-ABBD-CF095B30BC07}.Ad-Hoc|iPhoneSimulator.Build.0 = Release|Any CPU
		{7B5B6D37-F49B-4AE4-ABBD-CF095B30BC07}.Ad-Hoc|iPhoneSimulator.Deploy.0 = Release|Any CPU
		{7B5B6D37-F49B-4AE4-ABBD-CF095B30BC07}.Ad-Hoc|x64.ActiveCfg = Release|Any CPU
		{7B5B6D37-F49B-4AE4-ABBD-CF095B30BC07}.Ad-Hoc|x64.Build.0 = Release|Any CPU
		{7B5B6D37-F49B-4AE4-ABBD-CF095B30BC07}.Ad-Hoc|x64.Deploy.0 = Release|Any CPU
		{7B5B6D37-F49B-4AE4-ABBD-CF095B30BC07}.Ad-Hoc|x86.ActiveCfg = Release|Any CPU
		{7B5B6D37-F49B-4AE4-ABBD-CF095B30BC07}.Ad-Hoc|x86.Build.0 = Release|Any CPU
		{7B5B6D37-F49B-4AE4-ABBD-CF095B30BC07}.Ad-Hoc|x86.Deploy.0 = Release|Any CPU
		{7B5B6D37-F49B-4AE4-ABBD-CF095B30BC07}.AppStore|Any CPU.ActiveCfg = Release|Any CPU
		{7B5B6D37-F49B-4AE4-ABBD-CF095B30BC07}.AppStore|Any CPU.Build.0 = Release|Any CPU
		{7B5B6D37-F49B-4AE4-ABBD-CF095B30BC07}.AppStore|Any CPU.Deploy.0 = Release|Any CPU
		{7B5B6D37-F49B-4AE4-ABBD-CF095B30BC07}.AppStore|ARM.ActiveCfg = Release|Any CPU
		{7B5B6D37-F49B-4AE4-ABBD-CF095B30BC07}.AppStore|ARM.Build.0 = Release|Any CPU
		{7B5B6D37-F49B-4AE4-ABBD-CF095B30BC07}.AppStore|ARM.Deploy.0 = Release|Any CPU
		{7B5B6D37-F49B-4AE4-ABBD-CF095B30BC07}.AppStore|iPhone.ActiveCfg = Release|Any CPU
		{7B5B6D37-F49B-4AE4-ABBD-CF095B30BC07}.AppStore|iPhone.Build.0 = Release|Any CPU
		{7B5B6D37-F49B-4AE4-ABBD-CF095B30BC07}.AppStore|iPhone.Deploy.0 = Release|Any CPU
		{7B5B6D37-F49B-4AE4-ABBD-CF095B30BC07}.AppStore|iPhoneSimulator.ActiveCfg = Release|Any CPU
		{7B5B6D37-F49B-4AE4-ABBD-CF095B30BC07}.AppStore|iPhoneSimulator.Build.0 = Release|Any CPU
		{7B5B6D37-F49B-4AE4-ABBD-CF095B30BC07}.AppStore|iPhoneSimulator.Deploy.0 = Release|Any CPU
		{7B5B6D37-F49B-4AE4-ABBD-CF095B30BC07}.AppStore|x64.ActiveCfg = Release|Any CPU
		{7B5B6D37-F49B-4AE4-ABBD-CF095B30BC07}.AppStore|x64.Build.0 = Release|Any CPU
		{7B5B6D37-F49B-4AE4-ABBD-CF095B30BC07}.AppStore|x64.Deploy.0 = Release|Any CPU
		{7B5B6D37-F49B-4AE4-ABBD-CF095B30BC07}.AppStore|x86.ActiveCfg = Release|Any CPU
		{7B5B6D37-F49B-4AE4-ABBD-CF095B30BC07}.AppStore|x86.Build.0 = Release|Any CPU
		{7B5B6D37-F49B-4AE4-ABBD-CF095B30BC07}.AppStore|x86.Deploy.0 = Release|Any CPU
		{7B5B6D37-F49B-4AE4-ABBD-CF095B30BC07}.Debug|Any CPU.ActiveCfg = Debug|Any CPU
		{7B5B6D37-F49B-4AE4-ABBD-CF095B30BC07}.Debug|Any CPU.Build.0 = Debug|Any CPU
		{7B5B6D37-F49B-4AE4-ABBD-CF095B30BC07}.Debug|Any CPU.Deploy.0 = Debug|Any CPU
		{7B5B6D37-F49B-4AE4-ABBD-CF095B30BC07}.Debug|ARM.ActiveCfg = Debug|Any CPU
		{7B5B6D37-F49B-4AE4-ABBD-CF095B30BC07}.Debug|ARM.Build.0 = Debug|Any CPU
		{7B5B6D37-F49B-4AE4-ABBD-CF095B30BC07}.Debug|ARM.Deploy.0 = Debug|Any CPU
		{7B5B6D37-F49B-4AE4-ABBD-CF095B30BC07}.Debug|iPhone.ActiveCfg = Debug|Any CPU
		{7B5B6D37-F49B-4AE4-ABBD-CF095B30BC07}.Debug|iPhone.Build.0 = Debug|Any CPU
		{7B5B6D37-F49B-4AE4-ABBD-CF095B30BC07}.Debug|iPhone.Deploy.0 = Debug|Any CPU
		{7B5B6D37-F49B-4AE4-ABBD-CF095B30BC07}.Debug|iPhoneSimulator.ActiveCfg = Debug|Any CPU
		{7B5B6D37-F49B-4AE4-ABBD-CF095B30BC07}.Debug|iPhoneSimulator.Build.0 = Debug|Any CPU
		{7B5B6D37-F49B-4AE4-ABBD-CF095B30BC07}.Debug|iPhoneSimulator.Deploy.0 = Debug|Any CPU
		{7B5B6D37-F49B-4AE4-ABBD-CF095B30BC07}.Debug|x64.ActiveCfg = Debug|Any CPU
		{7B5B6D37-F49B-4AE4-ABBD-CF095B30BC07}.Debug|x64.Build.0 = Debug|Any CPU
		{7B5B6D37-F49B-4AE4-ABBD-CF095B30BC07}.Debug|x64.Deploy.0 = Debug|Any CPU
		{7B5B6D37-F49B-4AE4-ABBD-CF095B30BC07}.Debug|x86.ActiveCfg = Debug|Any CPU
		{7B5B6D37-F49B-4AE4-ABBD-CF095B30BC07}.Debug|x86.Build.0 = Debug|Any CPU
		{7B5B6D37-F49B-4AE4-ABBD-CF095B30BC07}.Debug|x86.Deploy.0 = Debug|Any CPU
		{7B5B6D37-F49B-4AE4-ABBD-CF095B30BC07}.Release|Any CPU.ActiveCfg = Release|Any CPU
		{7B5B6D37-F49B-4AE4-ABBD-CF095B30BC07}.Release|Any CPU.Build.0 = Release|Any CPU
		{7B5B6D37-F49B-4AE4-ABBD-CF095B30BC07}.Release|Any CPU.Deploy.0 = Release|Any CPU
		{7B5B6D37-F49B-4AE4-ABBD-CF095B30BC07}.Release|ARM.ActiveCfg = Release|Any CPU
		{7B5B6D37-F49B-4AE4-ABBD-CF095B30BC07}.Release|ARM.Build.0 = Release|Any CPU
		{7B5B6D37-F49B-4AE4-ABBD-CF095B30BC07}.Release|ARM.Deploy.0 = Release|Any CPU
		{7B5B6D37-F49B-4AE4-ABBD-CF095B30BC07}.Release|iPhone.ActiveCfg = Release|Any CPU
		{7B5B6D37-F49B-4AE4-ABBD-CF095B30BC07}.Release|iPhone.Build.0 = Release|Any CPU
		{7B5B6D37-F49B-4AE4-ABBD-CF095B30BC07}.Release|iPhone.Deploy.0 = Release|Any CPU
		{7B5B6D37-F49B-4AE4-ABBD-CF095B30BC07}.Release|iPhoneSimulator.ActiveCfg = Release|Any CPU
		{7B5B6D37-F49B-4AE4-ABBD-CF095B30BC07}.Release|iPhoneSimulator.Build.0 = Release|Any CPU
		{7B5B6D37-F49B-4AE4-ABBD-CF095B30BC07}.Release|iPhoneSimulator.Deploy.0 = Release|Any CPU
		{7B5B6D37-F49B-4AE4-ABBD-CF095B30BC07}.Release|x64.ActiveCfg = Release|Any CPU
		{7B5B6D37-F49B-4AE4-ABBD-CF095B30BC07}.Release|x64.Build.0 = Release|Any CPU
		{7B5B6D37-F49B-4AE4-ABBD-CF095B30BC07}.Release|x64.Deploy.0 = Release|Any CPU
		{7B5B6D37-F49B-4AE4-ABBD-CF095B30BC07}.Release|x86.ActiveCfg = Release|Any CPU
		{7B5B6D37-F49B-4AE4-ABBD-CF095B30BC07}.Release|x86.Build.0 = Release|Any CPU
		{7B5B6D37-F49B-4AE4-ABBD-CF095B30BC07}.Release|x86.Deploy.0 = Release|Any CPU
		{652266B5-445E-4404-AA42-89807BE4546A}.Ad-Hoc|Any CPU.ActiveCfg = Ad-Hoc|iPhone
		{652266B5-445E-4404-AA42-89807BE4546A}.Ad-Hoc|Any CPU.Build.0 = Ad-Hoc|iPhone
		{652266B5-445E-4404-AA42-89807BE4546A}.Ad-Hoc|Any CPU.Deploy.0 = Ad-Hoc|iPhone
		{652266B5-445E-4404-AA42-89807BE4546A}.Ad-Hoc|ARM.ActiveCfg = Ad-Hoc|iPhone
		{652266B5-445E-4404-AA42-89807BE4546A}.Ad-Hoc|ARM.Build.0 = Ad-Hoc|iPhone
		{652266B5-445E-4404-AA42-89807BE4546A}.Ad-Hoc|ARM.Deploy.0 = Ad-Hoc|iPhone
		{652266B5-445E-4404-AA42-89807BE4546A}.Ad-Hoc|iPhone.ActiveCfg = Ad-Hoc|iPhone
		{652266B5-445E-4404-AA42-89807BE4546A}.Ad-Hoc|iPhone.Build.0 = Ad-Hoc|iPhone
		{652266B5-445E-4404-AA42-89807BE4546A}.Ad-Hoc|iPhone.Deploy.0 = Ad-Hoc|iPhone
		{652266B5-445E-4404-AA42-89807BE4546A}.Ad-Hoc|iPhoneSimulator.ActiveCfg = Ad-Hoc|iPhoneSimulator
		{652266B5-445E-4404-AA42-89807BE4546A}.Ad-Hoc|iPhoneSimulator.Build.0 = Ad-Hoc|iPhoneSimulator
		{652266B5-445E-4404-AA42-89807BE4546A}.Ad-Hoc|iPhoneSimulator.Deploy.0 = Ad-Hoc|iPhoneSimulator
		{652266B5-445E-4404-AA42-89807BE4546A}.Ad-Hoc|x64.ActiveCfg = Ad-Hoc|iPhone
		{652266B5-445E-4404-AA42-89807BE4546A}.Ad-Hoc|x64.Build.0 = Ad-Hoc|iPhone
		{652266B5-445E-4404-AA42-89807BE4546A}.Ad-Hoc|x64.Deploy.0 = Ad-Hoc|iPhone
		{652266B5-445E-4404-AA42-89807BE4546A}.Ad-Hoc|x86.ActiveCfg = Ad-Hoc|iPhone
		{652266B5-445E-4404-AA42-89807BE4546A}.Ad-Hoc|x86.Build.0 = Ad-Hoc|iPhone
		{652266B5-445E-4404-AA42-89807BE4546A}.Ad-Hoc|x86.Deploy.0 = Ad-Hoc|iPhone
		{652266B5-445E-4404-AA42-89807BE4546A}.AppStore|Any CPU.ActiveCfg = AppStore|iPhone
		{652266B5-445E-4404-AA42-89807BE4546A}.AppStore|Any CPU.Build.0 = AppStore|iPhone
		{652266B5-445E-4404-AA42-89807BE4546A}.AppStore|Any CPU.Deploy.0 = AppStore|iPhone
		{652266B5-445E-4404-AA42-89807BE4546A}.AppStore|ARM.ActiveCfg = AppStore|iPhone
		{652266B5-445E-4404-AA42-89807BE4546A}.AppStore|ARM.Build.0 = AppStore|iPhone
		{652266B5-445E-4404-AA42-89807BE4546A}.AppStore|ARM.Deploy.0 = AppStore|iPhone
		{652266B5-445E-4404-AA42-89807BE4546A}.AppStore|iPhone.ActiveCfg = AppStore|iPhone
		{652266B5-445E-4404-AA42-89807BE4546A}.AppStore|iPhone.Build.0 = AppStore|iPhone
		{652266B5-445E-4404-AA42-89807BE4546A}.AppStore|iPhone.Deploy.0 = AppStore|iPhone
		{652266B5-445E-4404-AA42-89807BE4546A}.AppStore|iPhoneSimulator.ActiveCfg = AppStore|iPhoneSimulator
		{652266B5-445E-4404-AA42-89807BE4546A}.AppStore|iPhoneSimulator.Build.0 = AppStore|iPhoneSimulator
		{652266B5-445E-4404-AA42-89807BE4546A}.AppStore|iPhoneSimulator.Deploy.0 = AppStore|iPhoneSimulator
		{652266B5-445E-4404-AA42-89807BE4546A}.AppStore|x64.ActiveCfg = AppStore|iPhone
		{652266B5-445E-4404-AA42-89807BE4546A}.AppStore|x64.Build.0 = AppStore|iPhone
		{652266B5-445E-4404-AA42-89807BE4546A}.AppStore|x64.Deploy.0 = AppStore|iPhone
		{652266B5-445E-4404-AA42-89807BE4546A}.AppStore|x86.ActiveCfg = AppStore|iPhone
		{652266B5-445E-4404-AA42-89807BE4546A}.AppStore|x86.Build.0 = AppStore|iPhone
		{652266B5-445E-4404-AA42-89807BE4546A}.AppStore|x86.Deploy.0 = AppStore|iPhone
		{652266B5-445E-4404-AA42-89807BE4546A}.Debug|Any CPU.ActiveCfg = Debug|iPhoneSimulator
		{652266B5-445E-4404-AA42-89807BE4546A}.Debug|Any CPU.Build.0 = Debug|iPhoneSimulator
		{652266B5-445E-4404-AA42-89807BE4546A}.Debug|Any CPU.Deploy.0 = Debug|iPhoneSimulator
		{652266B5-445E-4404-AA42-89807BE4546A}.Debug|ARM.ActiveCfg = Debug|iPhone
		{652266B5-445E-4404-AA42-89807BE4546A}.Debug|ARM.Build.0 = Debug|iPhone
		{652266B5-445E-4404-AA42-89807BE4546A}.Debug|ARM.Deploy.0 = Debug|iPhone
		{652266B5-445E-4404-AA42-89807BE4546A}.Debug|iPhone.ActiveCfg = Debug|iPhone
		{652266B5-445E-4404-AA42-89807BE4546A}.Debug|iPhone.Build.0 = Debug|iPhone
		{652266B5-445E-4404-AA42-89807BE4546A}.Debug|iPhone.Deploy.0 = Debug|iPhone
		{652266B5-445E-4404-AA42-89807BE4546A}.Debug|iPhoneSimulator.ActiveCfg = Debug|iPhoneSimulator
		{652266B5-445E-4404-AA42-89807BE4546A}.Debug|iPhoneSimulator.Build.0 = Debug|iPhoneSimulator
		{652266B5-445E-4404-AA42-89807BE4546A}.Debug|iPhoneSimulator.Deploy.0 = Debug|iPhoneSimulator
		{652266B5-445E-4404-AA42-89807BE4546A}.Debug|x64.ActiveCfg = Debug|iPhone
		{652266B5-445E-4404-AA42-89807BE4546A}.Debug|x64.Build.0 = Debug|iPhone
		{652266B5-445E-4404-AA42-89807BE4546A}.Debug|x64.Deploy.0 = Debug|iPhone
		{652266B5-445E-4404-AA42-89807BE4546A}.Debug|x86.ActiveCfg = Debug|iPhone
		{652266B5-445E-4404-AA42-89807BE4546A}.Debug|x86.Build.0 = Debug|iPhone
		{652266B5-445E-4404-AA42-89807BE4546A}.Debug|x86.Deploy.0 = Debug|iPhone
		{652266B5-445E-4404-AA42-89807BE4546A}.Release|Any CPU.ActiveCfg = Release|iPhone
		{652266B5-445E-4404-AA42-89807BE4546A}.Release|Any CPU.Build.0 = Release|iPhone
		{652266B5-445E-4404-AA42-89807BE4546A}.Release|Any CPU.Deploy.0 = Release|iPhone
		{652266B5-445E-4404-AA42-89807BE4546A}.Release|ARM.ActiveCfg = Release|iPhone
		{652266B5-445E-4404-AA42-89807BE4546A}.Release|ARM.Build.0 = Release|iPhone
		{652266B5-445E-4404-AA42-89807BE4546A}.Release|ARM.Deploy.0 = Release|iPhone
		{652266B5-445E-4404-AA42-89807BE4546A}.Release|iPhone.ActiveCfg = Release|iPhone
		{652266B5-445E-4404-AA42-89807BE4546A}.Release|iPhone.Build.0 = Release|iPhone
		{652266B5-445E-4404-AA42-89807BE4546A}.Release|iPhone.Deploy.0 = Release|iPhone
		{652266B5-445E-4404-AA42-89807BE4546A}.Release|iPhoneSimulator.ActiveCfg = Release|iPhoneSimulator
		{652266B5-445E-4404-AA42-89807BE4546A}.Release|iPhoneSimulator.Build.0 = Release|iPhoneSimulator
		{652266B5-445E-4404-AA42-89807BE4546A}.Release|iPhoneSimulator.Deploy.0 = Release|iPhoneSimulator
		{652266B5-445E-4404-AA42-89807BE4546A}.Release|x64.ActiveCfg = Release|iPhone
		{652266B5-445E-4404-AA42-89807BE4546A}.Release|x64.Build.0 = Release|iPhone
		{652266B5-445E-4404-AA42-89807BE4546A}.Release|x64.Deploy.0 = Release|iPhone
		{652266B5-445E-4404-AA42-89807BE4546A}.Release|x86.ActiveCfg = Release|iPhone
		{652266B5-445E-4404-AA42-89807BE4546A}.Release|x86.Build.0 = Release|iPhone
		{652266B5-445E-4404-AA42-89807BE4546A}.Release|x86.Deploy.0 = Release|iPhone
		{88FEEFF3-C1CF-432C-BD1A-B3939C31A085}.Ad-Hoc|Any CPU.ActiveCfg = Debug|Any CPU
		{88FEEFF3-C1CF-432C-BD1A-B3939C31A085}.Ad-Hoc|Any CPU.Build.0 = Debug|Any CPU
		{88FEEFF3-C1CF-432C-BD1A-B3939C31A085}.Ad-Hoc|Any CPU.Deploy.0 = Debug|Any CPU
		{88FEEFF3-C1CF-432C-BD1A-B3939C31A085}.Ad-Hoc|ARM.ActiveCfg = Debug|Any CPU
		{88FEEFF3-C1CF-432C-BD1A-B3939C31A085}.Ad-Hoc|ARM.Build.0 = Debug|Any CPU
		{88FEEFF3-C1CF-432C-BD1A-B3939C31A085}.Ad-Hoc|ARM.Deploy.0 = Debug|Any CPU
		{88FEEFF3-C1CF-432C-BD1A-B3939C31A085}.Ad-Hoc|iPhone.ActiveCfg = Debug|Any CPU
		{88FEEFF3-C1CF-432C-BD1A-B3939C31A085}.Ad-Hoc|iPhone.Build.0 = Debug|Any CPU
		{88FEEFF3-C1CF-432C-BD1A-B3939C31A085}.Ad-Hoc|iPhone.Deploy.0 = Debug|Any CPU
		{88FEEFF3-C1CF-432C-BD1A-B3939C31A085}.Ad-Hoc|iPhoneSimulator.ActiveCfg = Debug|Any CPU
		{88FEEFF3-C1CF-432C-BD1A-B3939C31A085}.Ad-Hoc|iPhoneSimulator.Build.0 = Debug|Any CPU
		{88FEEFF3-C1CF-432C-BD1A-B3939C31A085}.Ad-Hoc|iPhoneSimulator.Deploy.0 = Debug|Any CPU
		{88FEEFF3-C1CF-432C-BD1A-B3939C31A085}.Ad-Hoc|x64.ActiveCfg = Debug|Any CPU
		{88FEEFF3-C1CF-432C-BD1A-B3939C31A085}.Ad-Hoc|x64.Build.0 = Debug|Any CPU
		{88FEEFF3-C1CF-432C-BD1A-B3939C31A085}.Ad-Hoc|x64.Deploy.0 = Debug|Any CPU
		{88FEEFF3-C1CF-432C-BD1A-B3939C31A085}.Ad-Hoc|x86.ActiveCfg = Debug|Any CPU
		{88FEEFF3-C1CF-432C-BD1A-B3939C31A085}.Ad-Hoc|x86.Build.0 = Debug|Any CPU
		{88FEEFF3-C1CF-432C-BD1A-B3939C31A085}.Ad-Hoc|x86.Deploy.0 = Debug|Any CPU
		{88FEEFF3-C1CF-432C-BD1A-B3939C31A085}.AppStore|Any CPU.ActiveCfg = Debug|Any CPU
		{88FEEFF3-C1CF-432C-BD1A-B3939C31A085}.AppStore|Any CPU.Build.0 = Debug|Any CPU
		{88FEEFF3-C1CF-432C-BD1A-B3939C31A085}.AppStore|Any CPU.Deploy.0 = Debug|Any CPU
		{88FEEFF3-C1CF-432C-BD1A-B3939C31A085}.AppStore|ARM.ActiveCfg = Debug|Any CPU
		{88FEEFF3-C1CF-432C-BD1A-B3939C31A085}.AppStore|ARM.Build.0 = Debug|Any CPU
		{88FEEFF3-C1CF-432C-BD1A-B3939C31A085}.AppStore|ARM.Deploy.0 = Debug|Any CPU
		{88FEEFF3-C1CF-432C-BD1A-B3939C31A085}.AppStore|iPhone.ActiveCfg = Debug|Any CPU
		{88FEEFF3-C1CF-432C-BD1A-B3939C31A085}.AppStore|iPhone.Build.0 = Debug|Any CPU
		{88FEEFF3-C1CF-432C-BD1A-B3939C31A085}.AppStore|iPhone.Deploy.0 = Debug|Any CPU
		{88FEEFF3-C1CF-432C-BD1A-B3939C31A085}.AppStore|iPhoneSimulator.ActiveCfg = Debug|Any CPU
		{88FEEFF3-C1CF-432C-BD1A-B3939C31A085}.AppStore|iPhoneSimulator.Build.0 = Debug|Any CPU
		{88FEEFF3-C1CF-432C-BD1A-B3939C31A085}.AppStore|iPhoneSimulator.Deploy.0 = Debug|Any CPU
		{88FEEFF3-C1CF-432C-BD1A-B3939C31A085}.AppStore|x64.ActiveCfg = Debug|Any CPU
		{88FEEFF3-C1CF-432C-BD1A-B3939C31A085}.AppStore|x64.Build.0 = Debug|Any CPU
		{88FEEFF3-C1CF-432C-BD1A-B3939C31A085}.AppStore|x64.Deploy.0 = Debug|Any CPU
		{88FEEFF3-C1CF-432C-BD1A-B3939C31A085}.AppStore|x86.ActiveCfg = Debug|Any CPU
		{88FEEFF3-C1CF-432C-BD1A-B3939C31A085}.AppStore|x86.Build.0 = Debug|Any CPU
		{88FEEFF3-C1CF-432C-BD1A-B3939C31A085}.AppStore|x86.Deploy.0 = Debug|Any CPU
		{88FEEFF3-C1CF-432C-BD1A-B3939C31A085}.Debug|Any CPU.ActiveCfg = Debug|Any CPU
		{88FEEFF3-C1CF-432C-BD1A-B3939C31A085}.Debug|Any CPU.Build.0 = Debug|Any CPU
		{88FEEFF3-C1CF-432C-BD1A-B3939C31A085}.Debug|Any CPU.Deploy.0 = Debug|Any CPU
		{88FEEFF3-C1CF-432C-BD1A-B3939C31A085}.Debug|ARM.ActiveCfg = Debug|Any CPU
		{88FEEFF3-C1CF-432C-BD1A-B3939C31A085}.Debug|ARM.Build.0 = Debug|Any CPU
		{88FEEFF3-C1CF-432C-BD1A-B3939C31A085}.Debug|ARM.Deploy.0 = Debug|Any CPU
		{88FEEFF3-C1CF-432C-BD1A-B3939C31A085}.Debug|iPhone.ActiveCfg = Debug|Any CPU
		{88FEEFF3-C1CF-432C-BD1A-B3939C31A085}.Debug|iPhone.Build.0 = Debug|Any CPU
		{88FEEFF3-C1CF-432C-BD1A-B3939C31A085}.Debug|iPhone.Deploy.0 = Debug|Any CPU
		{88FEEFF3-C1CF-432C-BD1A-B3939C31A085}.Debug|iPhoneSimulator.ActiveCfg = Debug|Any CPU
		{88FEEFF3-C1CF-432C-BD1A-B3939C31A085}.Debug|iPhoneSimulator.Build.0 = Debug|Any CPU
		{88FEEFF3-C1CF-432C-BD1A-B3939C31A085}.Debug|iPhoneSimulator.Deploy.0 = Debug|Any CPU
		{88FEEFF3-C1CF-432C-BD1A-B3939C31A085}.Debug|x64.ActiveCfg = Debug|Any CPU
		{88FEEFF3-C1CF-432C-BD1A-B3939C31A085}.Debug|x64.Build.0 = Debug|Any CPU
		{88FEEFF3-C1CF-432C-BD1A-B3939C31A085}.Debug|x64.Deploy.0 = Debug|Any CPU
		{88FEEFF3-C1CF-432C-BD1A-B3939C31A085}.Debug|x86.ActiveCfg = Debug|Any CPU
		{88FEEFF3-C1CF-432C-BD1A-B3939C31A085}.Debug|x86.Build.0 = Debug|Any CPU
		{88FEEFF3-C1CF-432C-BD1A-B3939C31A085}.Debug|x86.Deploy.0 = Debug|Any CPU
		{88FEEFF3-C1CF-432C-BD1A-B3939C31A085}.Release|Any CPU.ActiveCfg = Release|Any CPU
		{88FEEFF3-C1CF-432C-BD1A-B3939C31A085}.Release|Any CPU.Build.0 = Release|Any CPU
		{88FEEFF3-C1CF-432C-BD1A-B3939C31A085}.Release|Any CPU.Deploy.0 = Release|Any CPU
		{88FEEFF3-C1CF-432C-BD1A-B3939C31A085}.Release|ARM.ActiveCfg = Release|Any CPU
		{88FEEFF3-C1CF-432C-BD1A-B3939C31A085}.Release|ARM.Build.0 = Release|Any CPU
		{88FEEFF3-C1CF-432C-BD1A-B3939C31A085}.Release|ARM.Deploy.0 = Release|Any CPU
		{88FEEFF3-C1CF-432C-BD1A-B3939C31A085}.Release|iPhone.ActiveCfg = Release|Any CPU
		{88FEEFF3-C1CF-432C-BD1A-B3939C31A085}.Release|iPhone.Build.0 = Release|Any CPU
		{88FEEFF3-C1CF-432C-BD1A-B3939C31A085}.Release|iPhone.Deploy.0 = Release|Any CPU
		{88FEEFF3-C1CF-432C-BD1A-B3939C31A085}.Release|iPhoneSimulator.ActiveCfg = Release|Any CPU
		{88FEEFF3-C1CF-432C-BD1A-B3939C31A085}.Release|iPhoneSimulator.Build.0 = Release|Any CPU
		{88FEEFF3-C1CF-432C-BD1A-B3939C31A085}.Release|iPhoneSimulator.Deploy.0 = Release|Any CPU
		{88FEEFF3-C1CF-432C-BD1A-B3939C31A085}.Release|x64.ActiveCfg = Release|Any CPU
		{88FEEFF3-C1CF-432C-BD1A-B3939C31A085}.Release|x64.Build.0 = Release|Any CPU
		{88FEEFF3-C1CF-432C-BD1A-B3939C31A085}.Release|x64.Deploy.0 = Release|Any CPU
		{88FEEFF3-C1CF-432C-BD1A-B3939C31A085}.Release|x86.ActiveCfg = Release|Any CPU
		{88FEEFF3-C1CF-432C-BD1A-B3939C31A085}.Release|x86.Build.0 = Release|Any CPU
		{88FEEFF3-C1CF-432C-BD1A-B3939C31A085}.Release|x86.Deploy.0 = Release|Any CPU
		{8306EAB3-D2D7-49A8-BCE2-E1B75F107FCB}.Ad-Hoc|Any CPU.ActiveCfg = Release|Any CPU
		{8306EAB3-D2D7-49A8-BCE2-E1B75F107FCB}.Ad-Hoc|Any CPU.Build.0 = Release|Any CPU
		{8306EAB3-D2D7-49A8-BCE2-E1B75F107FCB}.Ad-Hoc|ARM.ActiveCfg = Release|Any CPU
		{8306EAB3-D2D7-49A8-BCE2-E1B75F107FCB}.Ad-Hoc|ARM.Build.0 = Release|Any CPU
		{8306EAB3-D2D7-49A8-BCE2-E1B75F107FCB}.Ad-Hoc|iPhone.ActiveCfg = Release|Any CPU
		{8306EAB3-D2D7-49A8-BCE2-E1B75F107FCB}.Ad-Hoc|iPhone.Build.0 = Release|Any CPU
		{8306EAB3-D2D7-49A8-BCE2-E1B75F107FCB}.Ad-Hoc|iPhoneSimulator.ActiveCfg = Release|Any CPU
		{8306EAB3-D2D7-49A8-BCE2-E1B75F107FCB}.Ad-Hoc|iPhoneSimulator.Build.0 = Release|Any CPU
		{8306EAB3-D2D7-49A8-BCE2-E1B75F107FCB}.Ad-Hoc|x64.ActiveCfg = Release|Any CPU
		{8306EAB3-D2D7-49A8-BCE2-E1B75F107FCB}.Ad-Hoc|x64.Build.0 = Release|Any CPU
		{8306EAB3-D2D7-49A8-BCE2-E1B75F107FCB}.Ad-Hoc|x86.ActiveCfg = Release|Any CPU
		{8306EAB3-D2D7-49A8-BCE2-E1B75F107FCB}.Ad-Hoc|x86.Build.0 = Release|Any CPU
		{8306EAB3-D2D7-49A8-BCE2-E1B75F107FCB}.AppStore|Any CPU.ActiveCfg = Release|Any CPU
		{8306EAB3-D2D7-49A8-BCE2-E1B75F107FCB}.AppStore|Any CPU.Build.0 = Release|Any CPU
		{8306EAB3-D2D7-49A8-BCE2-E1B75F107FCB}.AppStore|ARM.ActiveCfg = Release|Any CPU
		{8306EAB3-D2D7-49A8-BCE2-E1B75F107FCB}.AppStore|ARM.Build.0 = Release|Any CPU
		{8306EAB3-D2D7-49A8-BCE2-E1B75F107FCB}.AppStore|iPhone.ActiveCfg = Release|Any CPU
		{8306EAB3-D2D7-49A8-BCE2-E1B75F107FCB}.AppStore|iPhone.Build.0 = Release|Any CPU
		{8306EAB3-D2D7-49A8-BCE2-E1B75F107FCB}.AppStore|iPhoneSimulator.ActiveCfg = Release|Any CPU
		{8306EAB3-D2D7-49A8-BCE2-E1B75F107FCB}.AppStore|iPhoneSimulator.Build.0 = Release|Any CPU
		{8306EAB3-D2D7-49A8-BCE2-E1B75F107FCB}.AppStore|x64.ActiveCfg = Release|Any CPU
		{8306EAB3-D2D7-49A8-BCE2-E1B75F107FCB}.AppStore|x64.Build.0 = Release|Any CPU
		{8306EAB3-D2D7-49A8-BCE2-E1B75F107FCB}.AppStore|x86.ActiveCfg = Release|Any CPU
		{8306EAB3-D2D7-49A8-BCE2-E1B75F107FCB}.AppStore|x86.Build.0 = Release|Any CPU
		{8306EAB3-D2D7-49A8-BCE2-E1B75F107FCB}.Debug|Any CPU.ActiveCfg = Debug|Any CPU
		{8306EAB3-D2D7-49A8-BCE2-E1B75F107FCB}.Debug|Any CPU.Build.0 = Debug|Any CPU
		{8306EAB3-D2D7-49A8-BCE2-E1B75F107FCB}.Debug|ARM.ActiveCfg = Debug|Any CPU
		{8306EAB3-D2D7-49A8-BCE2-E1B75F107FCB}.Debug|ARM.Build.0 = Debug|Any CPU
		{8306EAB3-D2D7-49A8-BCE2-E1B75F107FCB}.Debug|iPhone.ActiveCfg = Debug|Any CPU
		{8306EAB3-D2D7-49A8-BCE2-E1B75F107FCB}.Debug|iPhone.Build.0 = Debug|Any CPU
		{8306EAB3-D2D7-49A8-BCE2-E1B75F107FCB}.Debug|iPhoneSimulator.ActiveCfg = Debug|Any CPU
		{8306EAB3-D2D7-49A8-BCE2-E1B75F107FCB}.Debug|iPhoneSimulator.Build.0 = Debug|Any CPU
		{8306EAB3-D2D7-49A8-BCE2-E1B75F107FCB}.Debug|x64.ActiveCfg = Debug|Any CPU
		{8306EAB3-D2D7-49A8-BCE2-E1B75F107FCB}.Debug|x64.Build.0 = Debug|Any CPU
		{8306EAB3-D2D7-49A8-BCE2-E1B75F107FCB}.Debug|x86.ActiveCfg = Debug|Any CPU
		{8306EAB3-D2D7-49A8-BCE2-E1B75F107FCB}.Debug|x86.Build.0 = Debug|Any CPU
		{8306EAB3-D2D7-49A8-BCE2-E1B75F107FCB}.Release|Any CPU.ActiveCfg = Release|Any CPU
		{8306EAB3-D2D7-49A8-BCE2-E1B75F107FCB}.Release|Any CPU.Build.0 = Release|Any CPU
		{8306EAB3-D2D7-49A8-BCE2-E1B75F107FCB}.Release|ARM.ActiveCfg = Release|Any CPU
		{8306EAB3-D2D7-49A8-BCE2-E1B75F107FCB}.Release|ARM.Build.0 = Release|Any CPU
		{8306EAB3-D2D7-49A8-BCE2-E1B75F107FCB}.Release|iPhone.ActiveCfg = Release|Any CPU
		{8306EAB3-D2D7-49A8-BCE2-E1B75F107FCB}.Release|iPhone.Build.0 = Release|Any CPU
		{8306EAB3-D2D7-49A8-BCE2-E1B75F107FCB}.Release|iPhoneSimulator.ActiveCfg = Release|Any CPU
		{8306EAB3-D2D7-49A8-BCE2-E1B75F107FCB}.Release|iPhoneSimulator.Build.0 = Release|Any CPU
		{8306EAB3-D2D7-49A8-BCE2-E1B75F107FCB}.Release|x64.ActiveCfg = Release|Any CPU
		{8306EAB3-D2D7-49A8-BCE2-E1B75F107FCB}.Release|x64.Build.0 = Release|Any CPU
		{8306EAB3-D2D7-49A8-BCE2-E1B75F107FCB}.Release|x86.ActiveCfg = Release|Any CPU
		{8306EAB3-D2D7-49A8-BCE2-E1B75F107FCB}.Release|x86.Build.0 = Release|Any CPU
		{A352E2CA-CDD5-4937-845B-464227422768}.Ad-Hoc|Any CPU.ActiveCfg = Release|Any CPU
		{A352E2CA-CDD5-4937-845B-464227422768}.Ad-Hoc|Any CPU.Build.0 = Release|Any CPU
		{A352E2CA-CDD5-4937-845B-464227422768}.Ad-Hoc|ARM.ActiveCfg = Release|Any CPU
		{A352E2CA-CDD5-4937-845B-464227422768}.Ad-Hoc|ARM.Build.0 = Release|Any CPU
		{A352E2CA-CDD5-4937-845B-464227422768}.Ad-Hoc|iPhone.ActiveCfg = Release|Any CPU
		{A352E2CA-CDD5-4937-845B-464227422768}.Ad-Hoc|iPhone.Build.0 = Release|Any CPU
		{A352E2CA-CDD5-4937-845B-464227422768}.Ad-Hoc|iPhoneSimulator.ActiveCfg = Release|Any CPU
		{A352E2CA-CDD5-4937-845B-464227422768}.Ad-Hoc|iPhoneSimulator.Build.0 = Release|Any CPU
		{A352E2CA-CDD5-4937-845B-464227422768}.Ad-Hoc|x64.ActiveCfg = Release|Any CPU
		{A352E2CA-CDD5-4937-845B-464227422768}.Ad-Hoc|x64.Build.0 = Release|Any CPU
		{A352E2CA-CDD5-4937-845B-464227422768}.Ad-Hoc|x86.ActiveCfg = Release|Any CPU
		{A352E2CA-CDD5-4937-845B-464227422768}.Ad-Hoc|x86.Build.0 = Release|Any CPU
		{A352E2CA-CDD5-4937-845B-464227422768}.AppStore|Any CPU.ActiveCfg = Release|Any CPU
		{A352E2CA-CDD5-4937-845B-464227422768}.AppStore|Any CPU.Build.0 = Release|Any CPU
		{A352E2CA-CDD5-4937-845B-464227422768}.AppStore|ARM.ActiveCfg = Release|Any CPU
		{A352E2CA-CDD5-4937-845B-464227422768}.AppStore|ARM.Build.0 = Release|Any CPU
		{A352E2CA-CDD5-4937-845B-464227422768}.AppStore|iPhone.ActiveCfg = Release|Any CPU
		{A352E2CA-CDD5-4937-845B-464227422768}.AppStore|iPhone.Build.0 = Release|Any CPU
		{A352E2CA-CDD5-4937-845B-464227422768}.AppStore|iPhoneSimulator.ActiveCfg = Release|Any CPU
		{A352E2CA-CDD5-4937-845B-464227422768}.AppStore|iPhoneSimulator.Build.0 = Release|Any CPU
		{A352E2CA-CDD5-4937-845B-464227422768}.AppStore|x64.ActiveCfg = Release|Any CPU
		{A352E2CA-CDD5-4937-845B-464227422768}.AppStore|x64.Build.0 = Release|Any CPU
		{A352E2CA-CDD5-4937-845B-464227422768}.AppStore|x86.ActiveCfg = Release|Any CPU
		{A352E2CA-CDD5-4937-845B-464227422768}.AppStore|x86.Build.0 = Release|Any CPU
		{A352E2CA-CDD5-4937-845B-464227422768}.Debug|Any CPU.ActiveCfg = Debug|Any CPU
		{A352E2CA-CDD5-4937-845B-464227422768}.Debug|Any CPU.Build.0 = Debug|Any CPU
		{A352E2CA-CDD5-4937-845B-464227422768}.Debug|ARM.ActiveCfg = Debug|Any CPU
		{A352E2CA-CDD5-4937-845B-464227422768}.Debug|ARM.Build.0 = Debug|Any CPU
		{A352E2CA-CDD5-4937-845B-464227422768}.Debug|iPhone.ActiveCfg = Debug|Any CPU
		{A352E2CA-CDD5-4937-845B-464227422768}.Debug|iPhone.Build.0 = Debug|Any CPU
		{A352E2CA-CDD5-4937-845B-464227422768}.Debug|iPhoneSimulator.ActiveCfg = Debug|Any CPU
		{A352E2CA-CDD5-4937-845B-464227422768}.Debug|iPhoneSimulator.Build.0 = Debug|Any CPU
		{A352E2CA-CDD5-4937-845B-464227422768}.Debug|x64.ActiveCfg = Debug|Any CPU
		{A352E2CA-CDD5-4937-845B-464227422768}.Debug|x64.Build.0 = Debug|Any CPU
		{A352E2CA-CDD5-4937-845B-464227422768}.Debug|x86.ActiveCfg = Debug|Any CPU
		{A352E2CA-CDD5-4937-845B-464227422768}.Debug|x86.Build.0 = Debug|Any CPU
		{A352E2CA-CDD5-4937-845B-464227422768}.Release|Any CPU.ActiveCfg = Release|Any CPU
		{A352E2CA-CDD5-4937-845B-464227422768}.Release|Any CPU.Build.0 = Release|Any CPU
		{A352E2CA-CDD5-4937-845B-464227422768}.Release|ARM.ActiveCfg = Release|Any CPU
		{A352E2CA-CDD5-4937-845B-464227422768}.Release|ARM.Build.0 = Release|Any CPU
		{A352E2CA-CDD5-4937-845B-464227422768}.Release|iPhone.ActiveCfg = Release|Any CPU
		{A352E2CA-CDD5-4937-845B-464227422768}.Release|iPhone.Build.0 = Release|Any CPU
		{A352E2CA-CDD5-4937-845B-464227422768}.Release|iPhoneSimulator.ActiveCfg = Release|Any CPU
		{A352E2CA-CDD5-4937-845B-464227422768}.Release|iPhoneSimulator.Build.0 = Release|Any CPU
		{A352E2CA-CDD5-4937-845B-464227422768}.Release|x64.ActiveCfg = Release|Any CPU
		{A352E2CA-CDD5-4937-845B-464227422768}.Release|x64.Build.0 = Release|Any CPU
		{A352E2CA-CDD5-4937-845B-464227422768}.Release|x86.ActiveCfg = Release|Any CPU
		{A352E2CA-CDD5-4937-845B-464227422768}.Release|x86.Build.0 = Release|Any CPU
		{1D8E0079-1E42-4F8F-8549-36675C499DF9}.Ad-Hoc|Any CPU.ActiveCfg = Release|Any CPU
		{1D8E0079-1E42-4F8F-8549-36675C499DF9}.Ad-Hoc|Any CPU.Build.0 = Release|Any CPU
		{1D8E0079-1E42-4F8F-8549-36675C499DF9}.Ad-Hoc|ARM.ActiveCfg = Release|Any CPU
		{1D8E0079-1E42-4F8F-8549-36675C499DF9}.Ad-Hoc|ARM.Build.0 = Release|Any CPU
		{1D8E0079-1E42-4F8F-8549-36675C499DF9}.Ad-Hoc|iPhone.ActiveCfg = Release|Any CPU
		{1D8E0079-1E42-4F8F-8549-36675C499DF9}.Ad-Hoc|iPhone.Build.0 = Release|Any CPU
		{1D8E0079-1E42-4F8F-8549-36675C499DF9}.Ad-Hoc|iPhoneSimulator.ActiveCfg = Release|Any CPU
		{1D8E0079-1E42-4F8F-8549-36675C499DF9}.Ad-Hoc|iPhoneSimulator.Build.0 = Release|Any CPU
		{1D8E0079-1E42-4F8F-8549-36675C499DF9}.Ad-Hoc|x64.ActiveCfg = Release|Any CPU
		{1D8E0079-1E42-4F8F-8549-36675C499DF9}.Ad-Hoc|x64.Build.0 = Release|Any CPU
		{1D8E0079-1E42-4F8F-8549-36675C499DF9}.Ad-Hoc|x86.ActiveCfg = Release|Any CPU
		{1D8E0079-1E42-4F8F-8549-36675C499DF9}.Ad-Hoc|x86.Build.0 = Release|Any CPU
		{1D8E0079-1E42-4F8F-8549-36675C499DF9}.AppStore|Any CPU.ActiveCfg = Release|Any CPU
		{1D8E0079-1E42-4F8F-8549-36675C499DF9}.AppStore|Any CPU.Build.0 = Release|Any CPU
		{1D8E0079-1E42-4F8F-8549-36675C499DF9}.AppStore|ARM.ActiveCfg = Release|Any CPU
		{1D8E0079-1E42-4F8F-8549-36675C499DF9}.AppStore|ARM.Build.0 = Release|Any CPU
		{1D8E0079-1E42-4F8F-8549-36675C499DF9}.AppStore|iPhone.ActiveCfg = Release|Any CPU
		{1D8E0079-1E42-4F8F-8549-36675C499DF9}.AppStore|iPhone.Build.0 = Release|Any CPU
		{1D8E0079-1E42-4F8F-8549-36675C499DF9}.AppStore|iPhoneSimulator.ActiveCfg = Release|Any CPU
		{1D8E0079-1E42-4F8F-8549-36675C499DF9}.AppStore|iPhoneSimulator.Build.0 = Release|Any CPU
		{1D8E0079-1E42-4F8F-8549-36675C499DF9}.AppStore|x64.ActiveCfg = Release|Any CPU
		{1D8E0079-1E42-4F8F-8549-36675C499DF9}.AppStore|x64.Build.0 = Release|Any CPU
		{1D8E0079-1E42-4F8F-8549-36675C499DF9}.AppStore|x86.ActiveCfg = Release|Any CPU
		{1D8E0079-1E42-4F8F-8549-36675C499DF9}.AppStore|x86.Build.0 = Release|Any CPU
		{1D8E0079-1E42-4F8F-8549-36675C499DF9}.Debug|Any CPU.ActiveCfg = Debug|Any CPU
		{1D8E0079-1E42-4F8F-8549-36675C499DF9}.Debug|Any CPU.Build.0 = Debug|Any CPU
		{1D8E0079-1E42-4F8F-8549-36675C499DF9}.Debug|ARM.ActiveCfg = Debug|Any CPU
		{1D8E0079-1E42-4F8F-8549-36675C499DF9}.Debug|ARM.Build.0 = Debug|Any CPU
		{1D8E0079-1E42-4F8F-8549-36675C499DF9}.Debug|iPhone.ActiveCfg = Debug|Any CPU
		{1D8E0079-1E42-4F8F-8549-36675C499DF9}.Debug|iPhone.Build.0 = Debug|Any CPU
		{1D8E0079-1E42-4F8F-8549-36675C499DF9}.Debug|iPhoneSimulator.ActiveCfg = Debug|Any CPU
		{1D8E0079-1E42-4F8F-8549-36675C499DF9}.Debug|iPhoneSimulator.Build.0 = Debug|Any CPU
		{1D8E0079-1E42-4F8F-8549-36675C499DF9}.Debug|x64.ActiveCfg = Debug|Any CPU
		{1D8E0079-1E42-4F8F-8549-36675C499DF9}.Debug|x64.Build.0 = Debug|Any CPU
		{1D8E0079-1E42-4F8F-8549-36675C499DF9}.Debug|x86.ActiveCfg = Debug|Any CPU
		{1D8E0079-1E42-4F8F-8549-36675C499DF9}.Debug|x86.Build.0 = Debug|Any CPU
		{1D8E0079-1E42-4F8F-8549-36675C499DF9}.Release|Any CPU.ActiveCfg = Release|Any CPU
		{1D8E0079-1E42-4F8F-8549-36675C499DF9}.Release|Any CPU.Build.0 = Release|Any CPU
		{1D8E0079-1E42-4F8F-8549-36675C499DF9}.Release|ARM.ActiveCfg = Release|Any CPU
		{1D8E0079-1E42-4F8F-8549-36675C499DF9}.Release|ARM.Build.0 = Release|Any CPU
		{1D8E0079-1E42-4F8F-8549-36675C499DF9}.Release|iPhone.ActiveCfg = Release|Any CPU
		{1D8E0079-1E42-4F8F-8549-36675C499DF9}.Release|iPhone.Build.0 = Release|Any CPU
		{1D8E0079-1E42-4F8F-8549-36675C499DF9}.Release|iPhoneSimulator.ActiveCfg = Release|Any CPU
		{1D8E0079-1E42-4F8F-8549-36675C499DF9}.Release|iPhoneSimulator.Build.0 = Release|Any CPU
		{1D8E0079-1E42-4F8F-8549-36675C499DF9}.Release|x64.ActiveCfg = Release|Any CPU
		{1D8E0079-1E42-4F8F-8549-36675C499DF9}.Release|x64.Build.0 = Release|Any CPU
		{1D8E0079-1E42-4F8F-8549-36675C499DF9}.Release|x86.ActiveCfg = Release|Any CPU
		{1D8E0079-1E42-4F8F-8549-36675C499DF9}.Release|x86.Build.0 = Release|Any CPU
		{D73B08FE-C209-4754-A871-9842637495EB}.Ad-Hoc|Any CPU.ActiveCfg = Release|Any CPU
		{D73B08FE-C209-4754-A871-9842637495EB}.Ad-Hoc|Any CPU.Build.0 = Release|Any CPU
		{D73B08FE-C209-4754-A871-9842637495EB}.Ad-Hoc|ARM.ActiveCfg = Release|Any CPU
		{D73B08FE-C209-4754-A871-9842637495EB}.Ad-Hoc|ARM.Build.0 = Release|Any CPU
		{D73B08FE-C209-4754-A871-9842637495EB}.Ad-Hoc|iPhone.ActiveCfg = Release|Any CPU
		{D73B08FE-C209-4754-A871-9842637495EB}.Ad-Hoc|iPhone.Build.0 = Release|Any CPU
		{D73B08FE-C209-4754-A871-9842637495EB}.Ad-Hoc|iPhoneSimulator.ActiveCfg = Release|Any CPU
		{D73B08FE-C209-4754-A871-9842637495EB}.Ad-Hoc|iPhoneSimulator.Build.0 = Release|Any CPU
		{D73B08FE-C209-4754-A871-9842637495EB}.Ad-Hoc|x64.ActiveCfg = Release|Any CPU
		{D73B08FE-C209-4754-A871-9842637495EB}.Ad-Hoc|x64.Build.0 = Release|Any CPU
		{D73B08FE-C209-4754-A871-9842637495EB}.Ad-Hoc|x86.ActiveCfg = Release|Any CPU
		{D73B08FE-C209-4754-A871-9842637495EB}.Ad-Hoc|x86.Build.0 = Release|Any CPU
		{D73B08FE-C209-4754-A871-9842637495EB}.AppStore|Any CPU.ActiveCfg = Release|Any CPU
		{D73B08FE-C209-4754-A871-9842637495EB}.AppStore|Any CPU.Build.0 = Release|Any CPU
		{D73B08FE-C209-4754-A871-9842637495EB}.AppStore|ARM.ActiveCfg = Release|Any CPU
		{D73B08FE-C209-4754-A871-9842637495EB}.AppStore|ARM.Build.0 = Release|Any CPU
		{D73B08FE-C209-4754-A871-9842637495EB}.AppStore|iPhone.ActiveCfg = Release|Any CPU
		{D73B08FE-C209-4754-A871-9842637495EB}.AppStore|iPhone.Build.0 = Release|Any CPU
		{D73B08FE-C209-4754-A871-9842637495EB}.AppStore|iPhoneSimulator.ActiveCfg = Release|Any CPU
		{D73B08FE-C209-4754-A871-9842637495EB}.AppStore|iPhoneSimulator.Build.0 = Release|Any CPU
		{D73B08FE-C209-4754-A871-9842637495EB}.AppStore|x64.ActiveCfg = Release|Any CPU
		{D73B08FE-C209-4754-A871-9842637495EB}.AppStore|x64.Build.0 = Release|Any CPU
		{D73B08FE-C209-4754-A871-9842637495EB}.AppStore|x86.ActiveCfg = Release|Any CPU
		{D73B08FE-C209-4754-A871-9842637495EB}.AppStore|x86.Build.0 = Release|Any CPU
		{D73B08FE-C209-4754-A871-9842637495EB}.Debug|Any CPU.ActiveCfg = Debug|Any CPU
		{D73B08FE-C209-4754-A871-9842637495EB}.Debug|Any CPU.Build.0 = Debug|Any CPU
		{D73B08FE-C209-4754-A871-9842637495EB}.Debug|ARM.ActiveCfg = Debug|Any CPU
		{D73B08FE-C209-4754-A871-9842637495EB}.Debug|ARM.Build.0 = Debug|Any CPU
		{D73B08FE-C209-4754-A871-9842637495EB}.Debug|iPhone.ActiveCfg = Debug|Any CPU
		{D73B08FE-C209-4754-A871-9842637495EB}.Debug|iPhone.Build.0 = Debug|Any CPU
		{D73B08FE-C209-4754-A871-9842637495EB}.Debug|iPhoneSimulator.ActiveCfg = Debug|Any CPU
		{D73B08FE-C209-4754-A871-9842637495EB}.Debug|iPhoneSimulator.Build.0 = Debug|Any CPU
		{D73B08FE-C209-4754-A871-9842637495EB}.Debug|x64.ActiveCfg = Debug|Any CPU
		{D73B08FE-C209-4754-A871-9842637495EB}.Debug|x64.Build.0 = Debug|Any CPU
		{D73B08FE-C209-4754-A871-9842637495EB}.Debug|x86.ActiveCfg = Debug|Any CPU
		{D73B08FE-C209-4754-A871-9842637495EB}.Debug|x86.Build.0 = Debug|Any CPU
		{D73B08FE-C209-4754-A871-9842637495EB}.Release|Any CPU.ActiveCfg = Release|Any CPU
		{D73B08FE-C209-4754-A871-9842637495EB}.Release|Any CPU.Build.0 = Release|Any CPU
		{D73B08FE-C209-4754-A871-9842637495EB}.Release|ARM.ActiveCfg = Release|Any CPU
		{D73B08FE-C209-4754-A871-9842637495EB}.Release|ARM.Build.0 = Release|Any CPU
		{D73B08FE-C209-4754-A871-9842637495EB}.Release|iPhone.ActiveCfg = Release|Any CPU
		{D73B08FE-C209-4754-A871-9842637495EB}.Release|iPhone.Build.0 = Release|Any CPU
		{D73B08FE-C209-4754-A871-9842637495EB}.Release|iPhoneSimulator.ActiveCfg = Release|Any CPU
		{D73B08FE-C209-4754-A871-9842637495EB}.Release|iPhoneSimulator.Build.0 = Release|Any CPU
		{D73B08FE-C209-4754-A871-9842637495EB}.Release|x64.ActiveCfg = Release|Any CPU
		{D73B08FE-C209-4754-A871-9842637495EB}.Release|x64.Build.0 = Release|Any CPU
		{D73B08FE-C209-4754-A871-9842637495EB}.Release|x86.ActiveCfg = Release|Any CPU
		{D73B08FE-C209-4754-A871-9842637495EB}.Release|x86.Build.0 = Release|Any CPU
	EndGlobalSection
	GlobalSection(SolutionProperties) = preSolution
		HideSolutionNode = FALSE
	EndGlobalSection
	GlobalSection(ExtensibilityGlobals) = postSolution
		RESX_PrefixTranslations = False
		SolutionGuid = {047D1EED-03F4-424F-829C-01B678129CC6}
	EndGlobalSection
EndGlobal
